
Microsoft Visual Studio Solution File, Format Version 12.00
# Visual Studio Version 16
VisualStudioVersion = 16.0.33214.272
MinimumVisualStudioVersion = 10.0.40219.1
Project("{FAE04EC0-301F-11D3-BF4B-00C04F79EFBC}") = "AuthenticationLab", "AuthenticationLab\AuthenticationLab.csproj", "{5C034C04-401A-4C02-BB7D-3EE226808775}"
EndProject
Global
	GlobalSection(SolutionConfigurationPlatforms) = preSolution
		Debug|Any CPU = Debug|Any CPU
		Release|Any CPU = Release|Any CPU
	EndGlobalSection
	GlobalSection(ProjectConfigurationPlatforms) = postSolution
		{5C034C04-401A-4C02-BB7D-3EE226808775}.Debug|Any CPU.ActiveCfg = Debug|Any CPU
		{5C034C04-401A-4C02-BB7D-3EE226808775}.Debug|Any CPU.Build.0 = Debug|Any CPU
		{5C034C04-401A-4C02-BB7D-3EE226808775}.Release|Any CPU.ActiveCfg = Release|Any CPU
		{5C034C04-401A-4C02-BB7D-3EE226808775}.Release|Any CPU.Build.0 = Release|Any CPU
	EndGlobalSection
	GlobalSection(SolutionProperties) = preSolution
		HideSolutionNode = FALSE
	EndGlobalSection
	GlobalSection(ExtensibilityGlobals) = postSolution
		SolutionGuid = {96EAF378-2EFE-4190-B5FF-A0BDEF8600F5}
	EndGlobalSection
EndGlobal
